# THIS IS AN AUTOGENERATED FILE. DO NOT EDIT THIS FILE DIRECTLY.
# yarn lockfile v1


commander@~0.6.1:
  version "0.6.1"
  resolved "https://registry.yarnpkg.com/commander/-/commander-0.6.1.tgz#fa68a14f6a945d54dbbe50d8cdb3320e9e3b1a06"
  integrity sha1-+mihT2qUXVTbvlDYzbMyDp47GgY=

gl-matrix@2.2.1:
  version "2.2.1"
  resolved "https://registry.yarnpkg.com/gl-matrix/-/gl-matrix-2.2.1.tgz#015bdcd55b6c632860980b13b31296628ae10cce"
  integrity sha1-AVvc1VtsYyhgmAsTsxKWYorhDM4=

leapjs@^0.6.4:
  version "0.6.4"
  resolved "https://registry.yarnpkg.com/leapjs/-/leapjs-0.6.4.tgz#90588b0f29c1d39244b97a14d76daa4027c78ada"
  integrity sha1-kFiLDynB05JEuXoU122qQCfHito=
  dependencies:
    gl-matrix "2.2.1"
    underscore "1.4.4"
    ws "0.4.25"

lodash@^4.17.15:
  version "4.17.15"
  resolved "https://registry.yarnpkg.com/lodash/-/lodash-4.17.15.tgz#b447f6670a0455bbfeedd11392eff330ea097548"
  integrity sha512-8xOcRHvCjnocdS5cpwXQXVzmmh5e5+saE2QGoeQmbKmRS6J3VQppPOIt0MnmE+4xlZoumy0GPG0D0MVIQbNA1A==

options@latest:
  version "0.0.6"
  resolved "https://registry.yarnpkg.com/options/-/options-0.0.6.tgz#ec22d312806bb53e731773e7cdaefcf1c643128f"
  integrity sha1-7CLTEoBrtT5zF3Pnza788cZDEo8=

tinycolor@0.x:
  version "0.0.1"
  resolved "https://registry.yarnpkg.com/tinycolor/-/tinycolor-0.0.1.tgz#320b5a52d83abb5978d81a3e887d4aefb15a6164"
  integrity sha1-MgtaUtg6u1l42Bo+iH1K77FaYWQ=

underscore@1.4.4:
  version "1.4.4"
  resolved "https://registry.yarnpkg.com/underscore/-/underscore-1.4.4.tgz#61a6a32010622afa07963bf325203cf12239d604"
  integrity sha1-YaajIBBiKvoHljvzJSA88SI51gQ=

ws@0.4.25:
  version "0.4.25"
  resolved "https://registry.yarnpkg.com/ws/-/ws-0.4.25.tgz#3dca06feddc25944af780d7b01da2cf63da7acc8"
  integrity sha1-PcoG/t3CWUSveA17Ados9j2nrMg=
  dependencies:
    commander "~0.6.1"
    options latest
    tinycolor "0.x"
